
Microsoft Visual Studio Solution File, Format Version 12.00
# Visual Studio Version 17
VisualStudioVersion = 17.6.33723.286
MinimumVisualStudioVersion = 10.0.40219.1
Project("{FAE04EC0-301F-11D3-BF4B-00C04F79EFBC}") = "230613", "230613.csproj", "{A67066B4-7882-496E-84F6-437BFAEE6735}"
EndProject
Global
	GlobalSection(SolutionConfigurationPlatforms) = preSolution
		Debug|Any CPU = Debug|Any CPU
		Release|Any CPU = Release|Any CPU
	EndGlobalSection
	GlobalSection(ProjectConfigurationPlatforms) = postSolution
		{A67066B4-7882-496E-84F6-437BFAEE6735}.Debug|Any CPU.ActiveCfg = Debug|Any CPU
		{A67066B4-7882-496E-84F6-437BFAEE6735}.Debug|Any CPU.Build.0 = Debug|Any CPU
		{A67066B4-7882-496E-84F6-437BFAEE6735}.Release|Any CPU.ActiveCfg = Release|Any CPU
		{A67066B4-7882-496E-84F6-437BFAEE6735}.Release|Any CPU.Build.0 = Release|Any CPU
	EndGlobalSection
	GlobalSection(SolutionProperties) = preSolution
		HideSolutionNode = FALSE
	EndGlobalSection
	GlobalSection(ExtensibilityGlobals) = postSolution
		SolutionGuid = {62B7F89D-5394-4D04-B368-7B0096609A3B}
	EndGlobalSection
EndGlobal
